
Microsoft Visual Studio Solution File, Format Version 12.00
# Visual Studio Version 17
VisualStudioVersion = 17.2.32526.322
MinimumVisualStudioVersion = 10.0.40219.1
Project("{FAE04EC0-301F-11D3-BF4B-00C04F79EFBC}") = "Projet_S8", "Projet_S8\Projet_S8.csproj", "{C080BFDC-9059-4235-8732-CF43968B003F}"
EndProject
Global
	GlobalSection(SolutionConfigurationPlatforms) = preSolution
		Debug|Any CPU = Debug|Any CPU
		Release|Any CPU = Release|Any CPU
	EndGlobalSection
	GlobalSection(ProjectConfigurationPlatforms) = postSolution
		{C080BFDC-9059-4235-8732-CF43968B003F}.Debug|Any CPU.ActiveCfg = Debug|Any CPU
		{C080BFDC-9059-4235-8732-CF43968B003F}.Debug|Any CPU.Build.0 = Debug|Any CPU
		{C080BFDC-9059-4235-8732-CF43968B003F}.Release|Any CPU.ActiveCfg = Release|Any CPU
		{C080BFDC-9059-4235-8732-CF43968B003F}.Release|Any CPU.Build.0 = Release|Any CPU
	EndGlobalSection
	GlobalSection(SolutionProperties) = preSolution
		HideSolutionNode = FALSE
	EndGlobalSection
	GlobalSection(ExtensibilityGlobals) = postSolution
		SolutionGuid = {C0E3D4BA-E79E-4F40-94B0-CB727DDCFD23}
	EndGlobalSection
EndGlobal
