
Microsoft Visual Studio Solution File, Format Version 12.00
# Visual Studio Version 17
VisualStudioVersion = 17.8.34525.116
MinimumVisualStudioVersion = 10.0.40219.1
Project("{FAE04EC0-301F-11D3-BF4B-00C04F79EFBC}") = "Machine_learning_WEB", "Machine_learning_WEB.csproj", "{5FBA627A-5DFF-4923-B71C-1FB8D7E7FB1B}"
EndProject
Global
	GlobalSection(SolutionConfigurationPlatforms) = preSolution
		Debug|Any CPU = Debug|Any CPU
		Release|Any CPU = Release|Any CPU
	EndGlobalSection
	GlobalSection(ProjectConfigurationPlatforms) = postSolution
		{5FBA627A-5DFF-4923-B71C-1FB8D7E7FB1B}.Debug|Any CPU.ActiveCfg = Debug|Any CPU
		{5FBA627A-5DFF-4923-B71C-1FB8D7E7FB1B}.Debug|Any CPU.Build.0 = Debug|Any CPU
		{5FBA627A-5DFF-4923-B71C-1FB8D7E7FB1B}.Release|Any CPU.ActiveCfg = Release|Any CPU
		{5FBA627A-5DFF-4923-B71C-1FB8D7E7FB1B}.Release|Any CPU.Build.0 = Release|Any CPU
	EndGlobalSection
	GlobalSection(SolutionProperties) = preSolution
		HideSolutionNode = FALSE
	EndGlobalSection
	GlobalSection(ExtensibilityGlobals) = postSolution
		SolutionGuid = {960D161A-EF57-475E-8327-50EA69226289}
	EndGlobalSection
EndGlobal
