
Microsoft Visual Studio Solution File, Format Version 12.00
# Visual Studio Version 17
VisualStudioVersion = 17.8.34525.116
MinimumVisualStudioVersion = 10.0.40219.1
Project("{FAE04EC0-301F-11D3-BF4B-00C04F79EFBC}") = "Projet_S8", "Projet_S8.csproj", "{9EBFD940-5A7B-4600-9E0B-4EB413F9DAC3}"
EndProject
Global
	GlobalSection(SolutionConfigurationPlatforms) = preSolution
		Debug|Any CPU = Debug|Any CPU
		Release|Any CPU = Release|Any CPU
	EndGlobalSection
	GlobalSection(ProjectConfigurationPlatforms) = postSolution
		{9EBFD940-5A7B-4600-9E0B-4EB413F9DAC3}.Debug|Any CPU.ActiveCfg = Debug|Any CPU
		{9EBFD940-5A7B-4600-9E0B-4EB413F9DAC3}.Debug|Any CPU.Build.0 = Debug|Any CPU
		{9EBFD940-5A7B-4600-9E0B-4EB413F9DAC3}.Release|Any CPU.ActiveCfg = Release|Any CPU
		{9EBFD940-5A7B-4600-9E0B-4EB413F9DAC3}.Release|Any CPU.Build.0 = Release|Any CPU
	EndGlobalSection
	GlobalSection(SolutionProperties) = preSolution
		HideSolutionNode = FALSE
	EndGlobalSection
	GlobalSection(ExtensibilityGlobals) = postSolution
		SolutionGuid = {D17BF112-7C5E-400A-A2A7-FD8416238EB7}
	EndGlobalSection
EndGlobal
